# This file is automatically @generated by Wally.
# It is not intended for manual editing.
registry = "test"

[[package]]
name = "evaera/promise"
version = "4.0.0"
dependencies = []

[[package]]
name = "ffrostflame/bytenet"
version = "0.4.6"
dependencies = []

[[package]]
name = "lucasmzreal/fastsignal"
version = "10.4.0"
dependencies = []

[[package]]
name = "rains/project2"
version = "0.1.0"
dependencies = [["Signal", "lucasmzreal/fastsignal@10.4.0"], ["bytenet", "ffrostflame/bytenet@0.4.6"], ["observers", "sleitnick/observers@0.5.0"], ["promise", "evaera/promise@4.0.0"], ["spring", "sleitnick/spring@1.0.0"], ["trove", "sleitnick/trove@1.8.0"], ["TestEZ", "roblox/testez@0.4.1"]]

[[package]]
name = "roblox/testez"
version = "0.4.1"
dependencies = []

[[package]]
name = "sleitnick/observers"
version = "0.5.0"
dependencies = []

[[package]]
name = "sleitnick/spring"
version = "1.0.0"
dependencies = []

[[package]]
name = "sleitnick/trove"
version = "1.8.0"
dependencies = []
